
Microsoft Visual Studio Solution File, Format Version 12.00
# Visual Studio Version 17
VisualStudioVersion = 17.8.34408.163
MinimumVisualStudioVersion = 10.0.40219.1
Project("{2150E333-8FDC-42A3-9474-1A3956D46DE8}") = "Services", "Services", "{B5BFF034-CA54-427C-B7CE-9C0BB65C5A0D}"
EndProject
Project("{2150E333-8FDC-42A3-9474-1A3956D46DE8}") = "Catalog", "Catalog", "{5C4D4D4E-3B6C-4B12-BC95-AF41C8FF3EEC}"
EndProject
Project("{9A19103F-16F7-4668-BE54-9A1E7A4F7556}") = "Catalog.API", "Services\Catalog\Catalog.API\Catalog.API.csproj", "{B39E950B-EDA6-4D94-85F5-93ED1FD03CF1}"
EndProject
Project("{2150E333-8FDC-42A3-9474-1A3956D46DE8}") = "BuildingBlocks", "BuildingBlocks", "{0CB8C063-EE8E-46F7-B20B-A68C529DEF82}"
EndProject
Project("{9A19103F-16F7-4668-BE54-9A1E7A4F7556}") = "BuildingBlocks", "BuildingBlocks\BuildingBlocks\BuildingBlocks.csproj", "{BDC2CC46-602A-4FC3-AF32-C13E632EC174}"
EndProject
Project("{E53339B2-1760-4266-BCC7-CA923CBCF16C}") = "docker-compose", "docker-compose.dcproj", "{6DCBEC70-4866-4297-9AD0-73928CCFA987}"
EndProject
Project("{2150E333-8FDC-42A3-9474-1A3956D46DE8}") = "Basket", "Basket", "{A067C785-233F-4139-8B82-A8989520FBEB}"
EndProject
Project("{9A19103F-16F7-4668-BE54-9A1E7A4F7556}") = "Basket.API", "Services\Basket\Basket.API\Basket.API.csproj", "{439ADDA5-EA6B-4B30-BD7B-3E2000D33CE5}"
EndProject
Project("{2150E333-8FDC-42A3-9474-1A3956D46DE8}") = "Discount", "Discount", "{9E43C442-4F0A-4987-B13F-0E58666308F4}"
EndProject
Project("{FAE04EC0-301F-11D3-BF4B-00C04F79EFBC}") = "Discount.Grpc", "Services\Discount\Discount.Grpc\Discount.Grpc.csproj", "{916232B8-7FEB-4FC1-81EC-27C6F8469A57}"
EndProject
Global
	GlobalSection(SolutionConfigurationPlatforms) = preSolution
		Debug|Any CPU = Debug|Any CPU
		Release|Any CPU = Release|Any CPU
	EndGlobalSection
	GlobalSection(ProjectConfigurationPlatforms) = postSolution
		{B39E950B-EDA6-4D94-85F5-93ED1FD03CF1}.Debug|Any CPU.ActiveCfg = Debug|Any CPU
		{B39E950B-EDA6-4D94-85F5-93ED1FD03CF1}.Debug|Any CPU.Build.0 = Debug|Any CPU
		{B39E950B-EDA6-4D94-85F5-93ED1FD03CF1}.Release|Any CPU.ActiveCfg = Release|Any CPU
		{B39E950B-EDA6-4D94-85F5-93ED1FD03CF1}.Release|Any CPU.Build.0 = Release|Any CPU
		{BDC2CC46-602A-4FC3-AF32-C13E632EC174}.Debug|Any CPU.ActiveCfg = Debug|Any CPU
		{BDC2CC46-602A-4FC3-AF32-C13E632EC174}.Debug|Any CPU.Build.0 = Debug|Any CPU
		{BDC2CC46-602A-4FC3-AF32-C13E632EC174}.Release|Any CPU.ActiveCfg = Release|Any CPU
		{BDC2CC46-602A-4FC3-AF32-C13E632EC174}.Release|Any CPU.Build.0 = Release|Any CPU
		{6DCBEC70-4866-4297-9AD0-73928CCFA987}.Debug|Any CPU.ActiveCfg = Debug|Any CPU
		{6DCBEC70-4866-4297-9AD0-73928CCFA987}.Debug|Any CPU.Build.0 = Debug|Any CPU
		{6DCBEC70-4866-4297-9AD0-73928CCFA987}.Release|Any CPU.ActiveCfg = Release|Any CPU
		{6DCBEC70-4866-4297-9AD0-73928CCFA987}.Release|Any CPU.Build.0 = Release|Any CPU
		{439ADDA5-EA6B-4B30-BD7B-3E2000D33CE5}.Debug|Any CPU.ActiveCfg = Debug|Any CPU
		{439ADDA5-EA6B-4B30-BD7B-3E2000D33CE5}.Debug|Any CPU.Build.0 = Debug|Any CPU
		{439ADDA5-EA6B-4B30-BD7B-3E2000D33CE5}.Release|Any CPU.ActiveCfg = Release|Any CPU
		{439ADDA5-EA6B-4B30-BD7B-3E2000D33CE5}.Release|Any CPU.Build.0 = Release|Any CPU
		{916232B8-7FEB-4FC1-81EC-27C6F8469A57}.Debug|Any CPU.ActiveCfg = Debug|Any CPU
		{916232B8-7FEB-4FC1-81EC-27C6F8469A57}.Debug|Any CPU.Build.0 = Debug|Any CPU
		{916232B8-7FEB-4FC1-81EC-27C6F8469A57}.Release|Any CPU.ActiveCfg = Release|Any CPU
		{916232B8-7FEB-4FC1-81EC-27C6F8469A57}.Release|Any CPU.Build.0 = Release|Any CPU
	EndGlobalSection
	GlobalSection(SolutionProperties) = preSolution
		HideSolutionNode = FALSE
	EndGlobalSection
	GlobalSection(NestedProjects) = preSolution
		{5C4D4D4E-3B6C-4B12-BC95-AF41C8FF3EEC} = {B5BFF034-CA54-427C-B7CE-9C0BB65C5A0D}
		{B39E950B-EDA6-4D94-85F5-93ED1FD03CF1} = {5C4D4D4E-3B6C-4B12-BC95-AF41C8FF3EEC}
		{BDC2CC46-602A-4FC3-AF32-C13E632EC174} = {0CB8C063-EE8E-46F7-B20B-A68C529DEF82}
		{A067C785-233F-4139-8B82-A8989520FBEB} = {B5BFF034-CA54-427C-B7CE-9C0BB65C5A0D}
		{439ADDA5-EA6B-4B30-BD7B-3E2000D33CE5} = {A067C785-233F-4139-8B82-A8989520FBEB}
		{9E43C442-4F0A-4987-B13F-0E58666308F4} = {B5BFF034-CA54-427C-B7CE-9C0BB65C5A0D}
		{916232B8-7FEB-4FC1-81EC-27C6F8469A57} = {9E43C442-4F0A-4987-B13F-0E58666308F4}
	EndGlobalSection
	GlobalSection(ExtensibilityGlobals) = postSolution
		SolutionGuid = {C4C1ECE9-A4AD-4FED-B0FC-7EA1636ACABF}
	EndGlobalSection
EndGlobal
